
Microsoft Visual Studio Solution File, Format Version 12.00
# Visual Studio Version 17
VisualStudioVersion = 17.8.34525.116
MinimumVisualStudioVersion = 10.0.40219.1
Project("{FAE04EC0-301F-11D3-BF4B-00C04F79EFBC}") = "World", "World\World.csproj", "{7AD38869-F682-4658-A17D-476C5CD59C7D}"
EndProject
Global
	GlobalSection(SolutionConfigurationPlatforms) = preSolution
		Debug|Any CPU = Debug|Any CPU
		Release|Any CPU = Release|Any CPU
	EndGlobalSection
	GlobalSection(ProjectConfigurationPlatforms) = postSolution
		{7AD38869-F682-4658-A17D-476C5CD59C7D}.Debug|Any CPU.ActiveCfg = Debug|Any CPU
		{7AD38869-F682-4658-A17D-476C5CD59C7D}.Debug|Any CPU.Build.0 = Debug|Any CPU
		{7AD38869-F682-4658-A17D-476C5CD59C7D}.Release|Any CPU.ActiveCfg = Release|Any CPU
		{7AD38869-F682-4658-A17D-476C5CD59C7D}.Release|Any CPU.Build.0 = Release|Any CPU
	EndGlobalSection
	GlobalSection(SolutionProperties) = preSolution
		HideSolutionNode = FALSE
	EndGlobalSection
	GlobalSection(ExtensibilityGlobals) = postSolution
		SolutionGuid = {0AFA9F9C-CF6B-4962-95E5-778C560E6DB2}
	EndGlobalSection
EndGlobal
